{
  "lockfile_version": "1",
  "packages": {
    "nodejs@22.0.0": {
      "last_modified": "2024-04-25T03:38:28-04:00",
      "plugin_version": "0.0.2",
      "resolved": "github:NixOS/nixpkgs/b0d52b31f7f4d80f8bf38f0253652125579c35ff#nodejs_22",
      "source": "devbox-search",
      "version": "22.0.0",
      "systems": {
        "aarch64-darwin": {
          "outputs": [
            {
              "name": "out",
              "path": "/nix/store/972dscdvkqhr81j2w1c74vlx2y4kfyzh-nodejs-22.0.0",
              "default": true
            },
            {
              "name": "libv8",
              "path": "/nix/store/z5fns5qrp1s53kys1v0bxfz2lk407773-nodejs-22.0.0-libv8"
            }
          ],
          "store_path": "/nix/store/972dscdvkqhr81j2w1c74vlx2y4kfyzh-nodejs-22.0.0"
        },
        "aarch64-linux": {
          "outputs": [
            {
              "name": "out",
              "path": "/nix/store/6336bf8rx068rls9hw5q88bncc1baqgb-nodejs-22.0.0",
              "default": true
            },
            {
              "name": "libv8",
              "path": "/nix/store/ngvfmgm9bip87amcc522yb671a2zkpwd-nodejs-22.0.0-libv8"
            }
          ],
          "store_path": "/nix/store/6336bf8rx068rls9hw5q88bncc1baqgb-nodejs-22.0.0"
        },
        "x86_64-darwin": {
          "outputs": [
            {
              "name": "out",
              "path": "/nix/store/3776rlwv2q8fvgh6lhi44v0gxck1hkqx-nodejs-22.0.0",
              "default": true
            },
            {
              "name": "libv8",
              "path": "/nix/store/3vhll9yxmcabk6lv6yz14ixixpim5j4a-nodejs-22.0.0-libv8"
            }
          ],
          "store_path": "/nix/store/3776rlwv2q8fvgh6lhi44v0gxck1hkqx-nodejs-22.0.0"
        },
        "x86_64-linux": {
          "outputs": [
            {
              "name": "out",
              "path": "/nix/store/nx76dx71yjni4bajdn9pshxqs38lkj29-nodejs-22.0.0",
              "default": true
            },
            {
              "name": "libv8",
              "path": "/nix/store/xakj3aq9bzxyvanpy6yfqg1ghmjjnkri-nodejs-22.0.0-libv8"
            }
          ],
          "store_path": "/nix/store/nx76dx71yjni4bajdn9pshxqs38lkj29-nodejs-22.0.0"
        }
      }
    },
    "python@latest": {
      "last_modified": "2024-04-19T17:36:04-04:00",
      "plugin_version": "0.0.3",
      "resolved": "github:NixOS/nixpkgs/92d295f588631b0db2da509f381b4fb1e74173c5#python312",
      "source": "devbox-search",
      "version": "3.12.3",
      "systems": {
        "aarch64-darwin": {
          "outputs": [
            {
              "name": "out",
              "path": "/nix/store/7bz0d53vngyxzhs6axavfw2dhl9vwlww-python3-3.12.3",
              "default": true
            }
          ],
          "store_path": "/nix/store/7bz0d53vngyxzhs6axavfw2dhl9vwlww-python3-3.12.3"
        },
        "aarch64-linux": {
          "outputs": [
            {
              "name": "out",
              "path": "/nix/store/nw7n1zgfiwxvrlxcn6nkggvxvk6msvl9-python3-3.12.3",
              "default": true
            },
            {
              "name": "debug",
              "path": "/nix/store/arq3230cyyd6lnwrjc2h5dz994ar4410-python3-3.12.3-debug"
            }
          ],
          "store_path": "/nix/store/nw7n1zgfiwxvrlxcn6nkggvxvk6msvl9-python3-3.12.3"
        },
        "x86_64-darwin": {
          "outputs": [
            {
              "name": "out",
              "path": "/nix/store/g8jihlbhc9sv3d2i4lnagyn2mj74mmjf-python3-3.12.3",
              "default": true
            }
          ],
          "store_path": "/nix/store/g8jihlbhc9sv3d2i4lnagyn2mj74mmjf-python3-3.12.3"
        },
        "x86_64-linux": {
          "outputs": [
            {
              "name": "out",
              "path": "/nix/store/m51f0kclg01xdc0mjxqs5cpyaxqbqhg5-python3-3.12.3",
              "default": true
            },
            {
              "name": "debug",
              "path": "/nix/store/f7z0xg5zf1c2b7lc8qjpd0p48lpc7rf1-python3-3.12.3-debug"
            }
          ],
          "store_path": "/nix/store/m51f0kclg01xdc0mjxqs5cpyaxqbqhg5-python3-3.12.3"
        }
      }
    }
  }
}
